// !$*UTF8*$!
{
	archiveVersion = 1;
	classes = {
	};
	objectVersion = 46;
	objects = {

/* Begin PBXBuildFile section */
		C24189B61C1C98C0000C9CB6 /* main.m in Sources */ = {isa = PBXBuildFile; fileRef = C24189B51C1C98C0000C9CB6 /* main.m */; };
		C24189B91C1C98C0000C9CB6 /* AppDelegate.m in Sources */ = {isa = PBXBuildFile; fileRef = C24189B81C1C98C0000C9CB6 /* AppDelegate.m */; };
		C24189BC1C1C98C0000C9CB6 /* ViewController.m in Sources */ = {isa = PBXBuildFile; fileRef = C24189BB1C1C98C0000C9CB6 /* ViewController.m */; };
		C24189BF1C1C98C0000C9CB6 /* Main.storyboard in Resources */ = {isa = PBXBuildFile; fileRef = C24189BD1C1C98C0000C9CB6 /* Main.storyboard */; };
		C24189C11C1C98C0000C9CB6 /* Assets.xcassets in Resources */ = {isa = PBXBuildFile; fileRef = C24189C01C1C98C0000C9CB6 /* Assets.xcassets */; };
		C24189C41C1C98C0000C9CB6 /* LaunchScreen.storyboard in Resources */ = {isa = PBXBuildFile; fileRef = C24189C21C1C98C0000C9CB6 /* LaunchScreen.storyboard */; };
		C24189CD1C1C98EE000C9CB6 /* address.plist in Resources */ = {isa = PBXBuildFile; fileRef = C24189CC1C1C98EE000C9CB6 /* address.plist */; };
		C24189D31C1C9954000C9CB6 /* HMAddress.m in Sources */ = {isa = PBXBuildFile; fileRef = C24189D21C1C9954000C9CB6 /* HMAddress.m */; };
		C24189E01C1CA331000C9CB6 /* HMAddressPickerView.m in Sources */ = {isa = PBXBuildFile; fileRef = C24189DF1C1CA331000C9CB6 /* HMAddressPickerView.m */; };
/* End PBXBuildFile section */

/* Begin PBXFileReference section */
		C24189B11C1C98C0000C9CB6 /* 地区选择.app */ = {isa = PBXFileReference; explicitFileType = wrapper.application; includeInIndex = 0; path = "地区选择.app"; sourceTree = BUILT_PRODUCTS_DIR; };
		C24189B51C1C98C0000C9CB6 /* main.m */ = {isa = PBXFileReference; lastKnownFileType = sourcecode.c.objc; path = main.m; sourceTree = "<group>"; };
		C24189B71C1C98C0000C9CB6 /* AppDelegate.h */ = {isa = PBXFileReference; lastKnownFileType = sourcecode.c.h; path = AppDelegate.h; sourceTree = "<group>"; };
		C24189B81C1C98C0000C9CB6 /* AppDelegate.m */ = {isa = PBXFileReference; lastKnownFileType = sourcecode.c.objc; path = AppDelegate.m; sourceTree = "<group>"; };
		C24189BA1C1C98C0000C9CB6 /* ViewController.h */ = {isa = PBXFileReference; lastKnownFileType = sourcecode.c.h; path = ViewController.h; sourceTree = "<group>"; };
		C24189BB1C1C98C0000C9CB6 /* ViewController.m */ = {isa = PBXFileReference; lastKnownFileType = sourcecode.c.objc; path = ViewController.m; sourceTree = "<group>"; };
		C24189BE1C1C98C0000C9CB6 /* Base */ = {isa = PBXFileReference; lastKnownFileType = file.storyboard; name = Base; path = Base.lproj/Main.storyboard; sourceTree = "<group>"; };
		C24189C01C1C98C0000C9CB6 /* Assets.xcassets */ = {isa = PBXFileReference; lastKnownFileType = folder.assetcatalog; path = Assets.xcassets; sourceTree = "<group>"; };
		C24189C31C1C98C0000C9CB6 /* Base */ = {isa = PBXFileReference; lastKnownFileType = file.storyboard; name = Base; path = Base.lproj/LaunchScreen.storyboard; sourceTree = "<group>"; };
		C24189C51C1C98C0000C9CB6 /* Info.plist */ = {isa = PBXFileReference; lastKnownFileType = text.plist.xml; path = Info.plist; sourceTree = "<group>"; };
		C24189CC1C1C98EE000C9CB6 /* address.plist */ = {isa = PBXFileReference; fileEncoding = 4; lastKnownFileType = text.plist.xml; path = address.plist; sourceTree = "<group>"; };
		C24189D11C1C9954000C9CB6 /* HMAddress.h */ = {isa = PBXFileReference; fileEncoding = 4; lastKnownFileType = sourcecode.c.h; path = HMAddress.h; sourceTree = "<group>"; };
		C24189D21C1C9954000C9CB6 /* HMAddress.m */ = {isa = PBXFileReference; fileEncoding = 4; lastKnownFileType = sourcecode.c.objc; path = HMAddress.m; sourceTree = "<group>"; };
		C24189DE1C1CA331000C9CB6 /* HMAddressPickerView.h */ = {isa = PBXFileReference; fileEncoding = 4; lastKnownFileType = sourcecode.c.h; path = HMAddressPickerView.h; sourceTree = "<group>"; };
		C24189DF1C1CA331000C9CB6 /* HMAddressPickerView.m */ = {isa = PBXFileReference; fileEncoding = 4; lastKnownFileType = sourcecode.c.objc; path = HMAddressPickerView.m; sourceTree = "<group>"; };
/* End PBXFileReference section */

/* Begin PBXFrameworksBuildPhase section */
		C24189AE1C1C98C0000C9CB6 /* Frameworks */ = {
			isa = PBXFrameworksBuildPhase;
			buildActionMask = 2147483647;
			files = (
			);
			runOnlyForDeploymentPostprocessing = 0;
		};
/* End PBXFrameworksBuildPhase section */

/* Begin PBXGroup section */
		C24189A81C1C98C0000C9CB6 = {
			isa = PBXGroup;
			children = (
				C24189B31C1C98C0000C9CB6 /* 地区选择 */,
				C24189B21C1C98C0000C9CB6 /* Products */,
			);
			sourceTree = "<group>";
		};
		C24189B21C1C98C0000C9CB6 /* Products */ = {
			isa = PBXGroup;
			children = (
				C24189B11C1C98C0000C9CB6 /* 地区选择.app */,
			);
			name = Products;
			sourceTree = "<group>";
		};
		C24189B31C1C98C0000C9CB6 /* 地区选择 */ = {
			isa = PBXGroup;
			children = (
				C24189CB1C1C98DF000C9CB6 /* AreaPicker */,
				C24189B71C1C98C0000C9CB6 /* AppDelegate.h */,
				C24189B81C1C98C0000C9CB6 /* AppDelegate.m */,
				C24189BA1C1C98C0000C9CB6 /* ViewController.h */,
				C24189BB1C1C98C0000C9CB6 /* ViewController.m */,
				C24189BD1C1C98C0000C9CB6 /* Main.storyboard */,
				C24189C01C1C98C0000C9CB6 /* Assets.xcassets */,
				C24189C21C1C98C0000C9CB6 /* LaunchScreen.storyboard */,
				C24189C51C1C98C0000C9CB6 /* Info.plist */,
				C24189B41C1C98C0000C9CB6 /* Supporting Files */,
			);
			path = "地区选择";
			sourceTree = "<group>";
		};
		C24189B41C1C98C0000C9CB6 /* Supporting Files */ = {
			isa = PBXGroup;
			children = (
				C24189B51C1C98C0000C9CB6 /* main.m */,
			);
			name = "Supporting Files";
			sourceTree = "<group>";
		};
		C24189CB1C1C98DF000C9CB6 /* AreaPicker */ = {
			isa = PBXGroup;
			children = (
				C24189CC1C1C98EE000C9CB6 /* address.plist */,
				C24189D11C1C9954000C9CB6 /* HMAddress.h */,
				C24189D21C1C9954000C9CB6 /* HMAddress.m */,
				C24189DE1C1CA331000C9CB6 /* HMAddressPickerView.h */,
				C24189DF1C1CA331000C9CB6 /* HMAddressPickerView.m */,
			);
			path = AreaPicker;
			sourceTree = "<group>";
		};
/* End PBXGroup section */

/* Begin PBXNativeTarget section */
		C24189B01C1C98C0000C9CB6 /* 地区选择 */ = {
			isa = PBXNativeTarget;
			buildConfigurationList = C24189C81C1C98C0000C9CB6 /* Build configuration list for PBXNativeTarget "地区选择" */;
			buildPhases = (
				C24189AD1C1C98C0000C9CB6 /* Sources */,
				C24189AE1C1C98C0000C9CB6 /* Frameworks */,
				C24189AF1C1C98C0000C9CB6 /* Resources */,
			);
			buildRules = (
			);
			dependencies = (
			);
			name = "地区选择";
			productName = "地区选择";
			productReference = C24189B11C1C98C0000C9CB6 /* 地区选择.app */;
			productType = "com.apple.product-type.application";
		};
/* End PBXNativeTarget section */

/* Begin PBXProject section */
		C24189A91C1C98C0000C9CB6 /* Project object */ = {
			isa = PBXProject;
			attributes = {
				LastUpgradeCheck = 0720;
				ORGANIZATIONNAME = itheima;
				TargetAttributes = {
					C24189B01C1C98C0000C9CB6 = {
						CreatedOnToolsVersion = 7.2;
					};
				};
			};
			buildConfigurationList = C24189AC1C1C98C0000C9CB6 /* Build configuration list for PBXProject "地区选择" */;
			compatibilityVersion = "Xcode 3.2";
			developmentRegion = English;
			hasScannedForEncodings = 0;
			knownRegions = (
				en,
				Base,
			);
			mainGroup = C24189A81C1C98C0000C9CB6;
			productRefGroup = C24189B21C1C98C0000C9CB6 /* Products */;
			projectDirPath = "";
			projectRoot = "";
			targets = (
				C24189B01C1C98C0000C9CB6 /* 地区选择 */,
			);
		};
/* End PBXProject section */

/* Begin PBXResourcesBuildPhase section */
		C24189AF1C1C98C0000C9CB6 /* Resources */ = {
			isa = PBXResourcesBuildPhase;
			buildActionMask = 2147483647;
			files = (
				C24189C41C1C98C0000C9CB6 /* LaunchScreen.storyboard in Resources */,
				C24189CD1C1C98EE000C9CB6 /* address.plist in Resources */,
				C24189C11C1C98C0000C9CB6 /* Assets.xcassets in Resources */,
				C24189BF1C1C98C0000C9CB6 /* Main.storyboard in Resources */,
			);
			runOnlyForDeploymentPostprocessing = 0;
		};
/* End PBXResourcesBuildPhase section */

/* Begin PBXSourcesBuildPhase section */
		C24189AD1C1C98C0000C9CB6 /* Sources */ = {
			isa = PBXSourcesBuildPhase;
			buildActionMask = 2147483647;
			files = (
				C24189BC1C1C98C0000C9CB6 /* ViewController.m in Sources */,
				C24189B91C1C98C0000C9CB6 /* AppDelegate.m in Sources */,
				C24189E01C1CA331000C9CB6 /* HMAddressPickerView.m in Sources */,
				C24189D31C1C9954000C9CB6 /* HMAddress.m in Sources */,
				C24189B61C1C98C0000C9CB6 /* main.m in Sources */,
			);
			runOnlyForDeploymentPostprocessing = 0;
		};
/* End PBXSourcesBuildPhase section */

/* Begin PBXVariantGroup section */
		C24189BD1C1C98C0000C9CB6 /* Main.storyboard */ = {
			isa = PBXVariantGroup;
			children = (
				C24189BE1C1C98C0000C9CB6 /* Base */,
			);
			name = Main.storyboard;
			sourceTree = "<group>";
		};
		C24189C21C1C98C0000C9CB6 /* LaunchScreen.storyboard */ = {
			isa = PBXVariantGroup;
			children = (
				C24189C31C1C98C0000C9CB6 /* Base */,
			);
			name = LaunchScreen.storyboard;
			sourceTree = "<group>";
		};
/* End PBXVariantGroup section */

/* Begin XCBuildConfiguration section */
		C24189C61C1C98C0000C9CB6 /* Debug */ = {
			isa = XCBuildConfiguration;
			buildSettings = {
				ALWAYS_SEARCH_USER_PATHS = NO;
				CLANG_CXX_LANGUAGE_STANDARD = "gnu++0x";
				CLANG_CXX_LIBRARY = "libc++";
				CLANG_ENABLE_MODULES = YES;
				CLANG_ENABLE_OBJC_ARC = YES;
				CLANG_WARN_BOOL_CONVERSION = YES;
				CLANG_WARN_CONSTANT_CONVERSION = YES;
				CLANG_WARN_DIRECT_OBJC_ISA_USAGE = YES_ERROR;
				CLANG_WARN_EMPTY_BODY = YES;
				CLANG_WARN_ENUM_CONVERSION = YES;
				CLANG_WARN_INT_CONVERSION = YES;
				CLANG_WARN_OBJC_ROOT_CLASS = YES_ERROR;
				CLANG_WARN_UNREACHABLE_CODE = YES;
				CLANG_WARN__DUPLICATE_METHOD_MATCH = YES;
				"CODE_SIGN_IDENTITY[sdk=iphoneos*]" = "iPhone Developer";
				COPY_PHASE_STRIP = NO;
				DEBUG_INFORMATION_FORMAT = dwarf;
				ENABLE_STRICT_OBJC_MSGSEND = YES;
				ENABLE_TESTABILITY = YES;
				GCC_C_LANGUAGE_STANDARD = gnu99;
				GCC_DYNAMIC_NO_PIC = NO;
				GCC_NO_COMMON_BLOCKS = YES;
				GCC_OPTIMIZATION_LEVEL = 0;
				GCC_PREPROCESSOR_DEFINITIONS = (
					"DEBUG=1",
					"$(inherited)",
				);
				GCC_WARN_64_TO_32_BIT_CONVERSION = YES;
				GCC_WARN_ABOUT_RETURN_TYPE = YES_ERROR;
				GCC_WARN_UNDECLARED_SELECTOR = YES;
				GCC_WARN_UNINITIALIZED_AUTOS = YES_AGGRESSIVE;
				GCC_WARN_UNUSED_FUNCTION = YES;
				GCC_WARN_UNUSED_VARIABLE = YES;
				IPHONEOS_DEPLOYMENT_TARGET = 9.2;
				MTL_ENABLE_DEBUG_INFO = YES;
				ONLY_ACTIVE_ARCH = YES;
				SDKROOT = iphoneos;
			};
			name = Debug;
		};
		C24189C71C1C98C0000C9CB6 /* Release */ = {
			isa = XCBuildConfiguration;
			buildSettings = {
				ALWAYS_SEARCH_USER_PATHS = NO;
				CLANG_CXX_LANGUAGE_STANDARD = "gnu++0x";
				CLANG_CXX_LIBRARY = "libc++";
				CLANG_ENABLE_MODULES = YES;
				CLANG_ENABLE_OBJC_ARC = YES;
				CLANG_WARN_BOOL_CONVERSION = YES;
				CLANG_WARN_CONSTANT_CONVERSION = YES;
				CLANG_WARN_DIRECT_OBJC_ISA_USAGE = YES_ERROR;
				CLANG_WARN_EMPTY_BODY = YES;
				CLANG_WARN_ENUM_CONVERSION = YES;
				CLANG_WARN_INT_CONVERSION = YES;
				CLANG_WARN_OBJC_ROOT_CLASS = YES_ERROR;
				CLANG_WARN_UNREACHABLE_CODE = YES;
				CLANG_WARN__DUPLICATE_METHOD_MATCH = YES;
				"CODE_SIGN_IDENTITY[sdk=iphoneos*]" = "iPhone Developer";
				COPY_PHASE_STRIP = NO;
				DEBUG_INFORMATION_FORMAT = "dwarf-with-dsym";
				ENABLE_NS_ASSERTIONS = NO;
				ENABLE_STRICT_OBJC_MSGSEND = YES;
				GCC_C_LANGUAGE_STANDARD = gnu99;
				GCC_NO_COMMON_BLOCKS = YES;
				GCC_WARN_64_TO_32_BIT_CONVERSION = YES;
				GCC_WARN_ABOUT_RETURN_TYPE = YES_ERROR;
				GCC_WARN_UNDECLARED_SELECTOR = YES;
				GCC_WARN_UNINITIALIZED_AUTOS = YES_AGGRESSIVE;
				GCC_WARN_UNUSED_FUNCTION = YES;
				GCC_WARN_UNUSED_VARIABLE = YES;
				IPHONEOS_DEPLOYMENT_TARGET = 9.2;
				MTL_ENABLE_DEBUG_INFO = NO;
				SDKROOT = iphoneos;
				VALIDATE_PRODUCT = YES;
			};
			name = Release;
		};
		C24189C91C1C98C0000C9CB6 /* Debug */ = {
			isa = XCBuildConfiguration;
			buildSettings = {
				ASSETCATALOG_COMPILER_APPICON_NAME = AppIcon;
				INFOPLIST_FILE = "地区选择/Info.plist";
				LD_RUNPATH_SEARCH_PATHS = "$(inherited) @executable_path/Frameworks";
				PRODUCT_BUNDLE_IDENTIFIER = "com.itheima.----";
				PRODUCT_NAME = "$(TARGET_NAME)";
			};
			name = Debug;
		};
		C24189CA1C1C98C0000C9CB6 /* Release */ = {
			isa = XCBuildConfiguration;
			buildSettings = {
				ASSETCATALOG_COMPILER_APPICON_NAME = AppIcon;
				INFOPLIST_FILE = "地区选择/Info.plist";
				LD_RUNPATH_SEARCH_PATHS = "$(inherited) @executable_path/Frameworks";
				PRODUCT_BUNDLE_IDENTIFIER = "com.itheima.----";
				PRODUCT_NAME = "$(TARGET_NAME)";
			};
			name = Release;
		};
/* End XCBuildConfiguration section */

/* Begin XCConfigurationList section */
		C24189AC1C1C98C0000C9CB6 /* Build configuration list for PBXProject "地区选择" */ = {
			isa = XCConfigurationList;
			buildConfigurations = (
				C24189C61C1C98C0000C9CB6 /* Debug */,
				C24189C71C1C98C0000C9CB6 /* Release */,
			);
			defaultConfigurationIsVisible = 0;
			defaultConfigurationName = Release;
		};
		C24189C81C1C98C0000C9CB6 /* Build configuration list for PBXNativeTarget "地区选择" */ = {
			isa = XCConfigurationList;
			buildConfigurations = (
				C24189C91C1C98C0000C9CB6 /* Debug */,
				C24189CA1C1C98C0000C9CB6 /* Release */,
			);
			defaultConfigurationIsVisible = 0;
		};
/* End XCConfigurationList section */
	};
	rootObject = C24189A91C1C98C0000C9CB6 /* Project object */;
}
